
Microsoft Visual Studio Solution File, Format Version 12.00
# Visual Studio Version 16
VisualStudioVersion = 16.0.29123.89
MinimumVisualStudioVersion = 15.0.26124.0
Project("{9A19103F-16F7-4668-BE54-9A1E7A4F7556}") = "BlazorDialog", "BlazorDialog\BlazorDialog.csproj", "{D6A05A5B-2A9D-43A8-B949-272147D62E52}"
EndProject
Project("{2150E333-8FDC-42A3-9474-1A3956D46DE8}") = "Solution Items", "Solution Items", "{4B0AEE66-03C7-46A3-AC4C-A18CCE52376C}"
	ProjectSection(SolutionItems) = preProject
		.editorconfig = .editorconfig
		.gitattributes = .gitattributes
		.gitignore = .gitignore
		build.ps1 = build.ps1
		README.md = README.md
	EndProjectSection
EndProject
Project("{2150E333-8FDC-42A3-9474-1A3956D46DE8}") = "Tests", "Tests", "{DA8334A6-0B04-44CD-925C-7710EDECF4D2}"
EndProject
Project("{2150E333-8FDC-42A3-9474-1A3956D46DE8}") = "TestApps", "TestApps", "{99A35E68-10F9-4BDB-AB82-DEEEBAFA5581}"
EndProject
Project("{2150E333-8FDC-42A3-9474-1A3956D46DE8}") = "Wasm", "Wasm", "{7E1980A3-6F6D-4073-8AA8-88860C0F8B57}"
EndProject
Project("{9A19103F-16F7-4668-BE54-9A1E7A4F7556}") = "BlazorDialog.TestAppsCommon", "TestApps\BlazorDialog.TestAppsCommon\BlazorDialog.TestAppsCommon.csproj", "{9BFF377B-EA6D-4161-B9FE-4463764E79E1}"
EndProject
Project("{2150E333-8FDC-42A3-9474-1A3956D46DE8}") = "Server", "Server", "{52E5CEEB-C2A8-42AD-868E-7E186FBBD4A7}"
EndProject
Project("{9A19103F-16F7-4668-BE54-9A1E7A4F7556}") = "BlazorDialog.BlazorTestApp.Server", "TestApps\Wasm\BlazorDialog.BlazorTestApp.Server\BlazorDialog.BlazorTestApp.Server.csproj", "{5C6C9DA6-B2E6-440A-9C53-3CF031C5B6D4}"
EndProject
Project("{9A19103F-16F7-4668-BE54-9A1E7A4F7556}") = "BlazorDialog.BlazorTestApp.Client", "TestApps\Wasm\BlazorDialog.BlazorTestApp.Client\BlazorDialog.BlazorTestApp.Client.csproj", "{90954557-FBC5-4942-AB51-828A4D00A3F1}"
EndProject
Project("{FAE04EC0-301F-11D3-BF4B-00C04F79EFBC}") = "BlazorDialog.BlazorServerTestApp", "TestApps\Server\BlazorDialog.BlazorServerTestApp\BlazorDialog.BlazorServerTestApp.csproj", "{A8D3328C-CBCC-4EDE-88BB-F77FD113ACCC}"
EndProject
Global
	GlobalSection(SolutionConfigurationPlatforms) = preSolution
		Debug|Any CPU = Debug|Any CPU
		Debug|x64 = Debug|x64
		Debug|x86 = Debug|x86
		Release|Any CPU = Release|Any CPU
		Release|x64 = Release|x64
		Release|x86 = Release|x86
	EndGlobalSection
	GlobalSection(ProjectConfigurationPlatforms) = postSolution
		{D6A05A5B-2A9D-43A8-B949-272147D62E52}.Debug|Any CPU.ActiveCfg = Debug|Any CPU
		{D6A05A5B-2A9D-43A8-B949-272147D62E52}.Debug|Any CPU.Build.0 = Debug|Any CPU
		{D6A05A5B-2A9D-43A8-B949-272147D62E52}.Debug|x64.ActiveCfg = Debug|Any CPU
		{D6A05A5B-2A9D-43A8-B949-272147D62E52}.Debug|x64.Build.0 = Debug|Any CPU
		{D6A05A5B-2A9D-43A8-B949-272147D62E52}.Debug|x86.ActiveCfg = Debug|Any CPU
		{D6A05A5B-2A9D-43A8-B949-272147D62E52}.Debug|x86.Build.0 = Debug|Any CPU
		{D6A05A5B-2A9D-43A8-B949-272147D62E52}.Release|Any CPU.ActiveCfg = Release|Any CPU
		{D6A05A5B-2A9D-43A8-B949-272147D62E52}.Release|Any CPU.Build.0 = Release|Any CPU
		{D6A05A5B-2A9D-43A8-B949-272147D62E52}.Release|x64.ActiveCfg = Release|Any CPU
		{D6A05A5B-2A9D-43A8-B949-272147D62E52}.Release|x64.Build.0 = Release|Any CPU
		{D6A05A5B-2A9D-43A8-B949-272147D62E52}.Release|x86.ActiveCfg = Release|Any CPU
		{D6A05A5B-2A9D-43A8-B949-272147D62E52}.Release|x86.Build.0 = Release|Any CPU
		{9BFF377B-EA6D-4161-B9FE-4463764E79E1}.Debug|Any CPU.ActiveCfg = Debug|Any CPU
		{9BFF377B-EA6D-4161-B9FE-4463764E79E1}.Debug|Any CPU.Build.0 = Debug|Any CPU
		{9BFF377B-EA6D-4161-B9FE-4463764E79E1}.Debug|x64.ActiveCfg = Debug|Any CPU
		{9BFF377B-EA6D-4161-B9FE-4463764E79E1}.Debug|x64.Build.0 = Debug|Any CPU
		{9BFF377B-EA6D-4161-B9FE-4463764E79E1}.Debug|x86.ActiveCfg = Debug|Any CPU
		{9BFF377B-EA6D-4161-B9FE-4463764E79E1}.Debug|x86.Build.0 = Debug|Any CPU
		{9BFF377B-EA6D-4161-B9FE-4463764E79E1}.Release|Any CPU.ActiveCfg = Release|Any CPU
		{9BFF377B-EA6D-4161-B9FE-4463764E79E1}.Release|Any CPU.Build.0 = Release|Any CPU
		{9BFF377B-EA6D-4161-B9FE-4463764E79E1}.Release|x64.ActiveCfg = Release|Any CPU
		{9BFF377B-EA6D-4161-B9FE-4463764E79E1}.Release|x64.Build.0 = Release|Any CPU
		{9BFF377B-EA6D-4161-B9FE-4463764E79E1}.Release|x86.ActiveCfg = Release|Any CPU
		{9BFF377B-EA6D-4161-B9FE-4463764E79E1}.Release|x86.Build.0 = Release|Any CPU
		{5C6C9DA6-B2E6-440A-9C53-3CF031C5B6D4}.Debug|Any CPU.ActiveCfg = Debug|Any CPU
		{5C6C9DA6-B2E6-440A-9C53-3CF031C5B6D4}.Debug|Any CPU.Build.0 = Debug|Any CPU
		{5C6C9DA6-B2E6-440A-9C53-3CF031C5B6D4}.Debug|x64.ActiveCfg = Debug|Any CPU
		{5C6C9DA6-B2E6-440A-9C53-3CF031C5B6D4}.Debug|x64.Build.0 = Debug|Any CPU
		{5C6C9DA6-B2E6-440A-9C53-3CF031C5B6D4}.Debug|x86.ActiveCfg = Debug|Any CPU
		{5C6C9DA6-B2E6-440A-9C53-3CF031C5B6D4}.Debug|x86.Build.0 = Debug|Any CPU
		{5C6C9DA6-B2E6-440A-9C53-3CF031C5B6D4}.Release|Any CPU.ActiveCfg = Release|Any CPU
		{5C6C9DA6-B2E6-440A-9C53-3CF031C5B6D4}.Release|Any CPU.Build.0 = Release|Any CPU
		{5C6C9DA6-B2E6-440A-9C53-3CF031C5B6D4}.Release|x64.ActiveCfg = Release|Any CPU
		{5C6C9DA6-B2E6-440A-9C53-3CF031C5B6D4}.Release|x64.Build.0 = Release|Any CPU
		{5C6C9DA6-B2E6-440A-9C53-3CF031C5B6D4}.Release|x86.ActiveCfg = Release|Any CPU
		{5C6C9DA6-B2E6-440A-9C53-3CF031C5B6D4}.Release|x86.Build.0 = Release|Any CPU
		{90954557-FBC5-4942-AB51-828A4D00A3F1}.Debug|Any CPU.ActiveCfg = Debug|Any CPU
		{90954557-FBC5-4942-AB51-828A4D00A3F1}.Debug|Any CPU.Build.0 = Debug|Any CPU
		{90954557-FBC5-4942-AB51-828A4D00A3F1}.Debug|x64.ActiveCfg = Debug|Any CPU
		{90954557-FBC5-4942-AB51-828A4D00A3F1}.Debug|x64.Build.0 = Debug|Any CPU
		{90954557-FBC5-4942-AB51-828A4D00A3F1}.Debug|x86.ActiveCfg = Debug|Any CPU
		{90954557-FBC5-4942-AB51-828A4D00A3F1}.Debug|x86.Build.0 = Debug|Any CPU
		{90954557-FBC5-4942-AB51-828A4D00A3F1}.Release|Any CPU.ActiveCfg = Release|Any CPU
		{90954557-FBC5-4942-AB51-828A4D00A3F1}.Release|Any CPU.Build.0 = Release|Any CPU
		{90954557-FBC5-4942-AB51-828A4D00A3F1}.Release|x64.ActiveCfg = Release|Any CPU
		{90954557-FBC5-4942-AB51-828A4D00A3F1}.Release|x64.Build.0 = Release|Any CPU
		{90954557-FBC5-4942-AB51-828A4D00A3F1}.Release|x86.ActiveCfg = Release|Any CPU
		{90954557-FBC5-4942-AB51-828A4D00A3F1}.Release|x86.Build.0 = Release|Any CPU
		{A8D3328C-CBCC-4EDE-88BB-F77FD113ACCC}.Debug|Any CPU.ActiveCfg = Debug|Any CPU
		{A8D3328C-CBCC-4EDE-88BB-F77FD113ACCC}.Debug|Any CPU.Build.0 = Debug|Any CPU
		{A8D3328C-CBCC-4EDE-88BB-F77FD113ACCC}.Debug|x64.ActiveCfg = Debug|Any CPU
		{A8D3328C-CBCC-4EDE-88BB-F77FD113ACCC}.Debug|x64.Build.0 = Debug|Any CPU
		{A8D3328C-CBCC-4EDE-88BB-F77FD113ACCC}.Debug|x86.ActiveCfg = Debug|Any CPU
		{A8D3328C-CBCC-4EDE-88BB-F77FD113ACCC}.Debug|x86.Build.0 = Debug|Any CPU
		{A8D3328C-CBCC-4EDE-88BB-F77FD113ACCC}.Release|Any CPU.ActiveCfg = Release|Any CPU
		{A8D3328C-CBCC-4EDE-88BB-F77FD113ACCC}.Release|Any CPU.Build.0 = Release|Any CPU
		{A8D3328C-CBCC-4EDE-88BB-F77FD113ACCC}.Release|x64.ActiveCfg = Release|Any CPU
		{A8D3328C-CBCC-4EDE-88BB-F77FD113ACCC}.Release|x64.Build.0 = Release|Any CPU
		{A8D3328C-CBCC-4EDE-88BB-F77FD113ACCC}.Release|x86.ActiveCfg = Release|Any CPU
		{A8D3328C-CBCC-4EDE-88BB-F77FD113ACCC}.Release|x86.Build.0 = Release|Any CPU
	EndGlobalSection
	GlobalSection(SolutionProperties) = preSolution
		HideSolutionNode = FALSE
	EndGlobalSection
	GlobalSection(NestedProjects) = preSolution
		{7E1980A3-6F6D-4073-8AA8-88860C0F8B57} = {99A35E68-10F9-4BDB-AB82-DEEEBAFA5581}
		{9BFF377B-EA6D-4161-B9FE-4463764E79E1} = {99A35E68-10F9-4BDB-AB82-DEEEBAFA5581}
		{52E5CEEB-C2A8-42AD-868E-7E186FBBD4A7} = {99A35E68-10F9-4BDB-AB82-DEEEBAFA5581}
		{5C6C9DA6-B2E6-440A-9C53-3CF031C5B6D4} = {7E1980A3-6F6D-4073-8AA8-88860C0F8B57}
		{90954557-FBC5-4942-AB51-828A4D00A3F1} = {7E1980A3-6F6D-4073-8AA8-88860C0F8B57}
		{A8D3328C-CBCC-4EDE-88BB-F77FD113ACCC} = {52E5CEEB-C2A8-42AD-868E-7E186FBBD4A7}
	EndGlobalSection
	GlobalSection(ExtensibilityGlobals) = postSolution
		SolutionGuid = {F6D16D50-B899-4FB4-BB9C-1ECDD5D38570}
	EndGlobalSection
EndGlobal
